
Microsoft Visual Studio Solution File, Format Version 12.00
# Visual Studio Version 16
VisualStudioVersion = 16.0.30611.23
MinimumVisualStudioVersion = 10.0.40219.1
Project("{FAE04EC0-301F-11D3-BF4B-00C04F79EFBC}") = "Banco", "Banco\Banco.csproj", "{D496853E-23FE-4C8E-90C1-D8904546DCD2}"
EndProject
Project("{FAE04EC0-301F-11D3-BF4B-00C04F79EFBC}") = "BancoTests", "BancoTests\BancoTests.csproj", "{84376BAF-24FD-4507-B244-FA73931EE640}"
EndProject
Global
	GlobalSection(SolutionConfigurationPlatforms) = preSolution
		Debug|Any CPU = Debug|Any CPU
		Release|Any CPU = Release|Any CPU
	EndGlobalSection
	GlobalSection(ProjectConfigurationPlatforms) = postSolution
		{D496853E-23FE-4C8E-90C1-D8904546DCD2}.Debug|Any CPU.ActiveCfg = Debug|Any CPU
		{D496853E-23FE-4C8E-90C1-D8904546DCD2}.Debug|Any CPU.Build.0 = Debug|Any CPU
		{D496853E-23FE-4C8E-90C1-D8904546DCD2}.Release|Any CPU.ActiveCfg = Release|Any CPU
		{D496853E-23FE-4C8E-90C1-D8904546DCD2}.Release|Any CPU.Build.0 = Release|Any CPU
		{84376BAF-24FD-4507-B244-FA73931EE640}.Debug|Any CPU.ActiveCfg = Debug|Any CPU
		{84376BAF-24FD-4507-B244-FA73931EE640}.Debug|Any CPU.Build.0 = Debug|Any CPU
		{84376BAF-24FD-4507-B244-FA73931EE640}.Release|Any CPU.ActiveCfg = Release|Any CPU
		{84376BAF-24FD-4507-B244-FA73931EE640}.Release|Any CPU.Build.0 = Release|Any CPU
	EndGlobalSection
	GlobalSection(SolutionProperties) = preSolution
		HideSolutionNode = FALSE
	EndGlobalSection
	GlobalSection(ExtensibilityGlobals) = postSolution
		SolutionGuid = {A276B68D-95FA-45C7-BCCA-785FA9651B37}
	EndGlobalSection
EndGlobal
